
Microsoft Visual Studio Solution File, Format Version 12.00
# Visual Studio Version 16
VisualStudioVersion = 16.0.30804.86
MinimumVisualStudioVersion = 10.0.40219.1
Project("{FAE04EC0-301F-11D3-BF4B-00C04F79EFBC}") = "WebsiteMama", "WebsiteMama\WebsiteMama.csproj", "{FD3FB79C-4377-4851-BE9B-F64B9D639B86}"
EndProject
Global
	GlobalSection(SolutionConfigurationPlatforms) = preSolution
		Debug|Any CPU = Debug|Any CPU
		Release|Any CPU = Release|Any CPU
	EndGlobalSection
	GlobalSection(ProjectConfigurationPlatforms) = postSolution
		{FD3FB79C-4377-4851-BE9B-F64B9D639B86}.Debug|Any CPU.ActiveCfg = Debug|Any CPU
		{FD3FB79C-4377-4851-BE9B-F64B9D639B86}.Debug|Any CPU.Build.0 = Debug|Any CPU
		{FD3FB79C-4377-4851-BE9B-F64B9D639B86}.Release|Any CPU.ActiveCfg = Release|Any CPU
		{FD3FB79C-4377-4851-BE9B-F64B9D639B86}.Release|Any CPU.Build.0 = Release|Any CPU
	EndGlobalSection
	GlobalSection(SolutionProperties) = preSolution
		HideSolutionNode = FALSE
	EndGlobalSection
	GlobalSection(ExtensibilityGlobals) = postSolution
		SolutionGuid = {FC8DA47D-E523-4665-854E-FA574D839DCE}
	EndGlobalSection
EndGlobal
